{
  "name": "collab-edit-lab",
  "lockfileVersion": 3,
  "requires": true,
  "packages": {
    "": {
      "name": "collab-edit-lab",
      "dependencies": {
        "ws": "^8.18.0"
      }
    },
    "node_modules/ws": {
      "version": "8.21.2",
      "resolved": "https://artifactory.devops.xiaohongshu.com/artifactory/api/npm/npm-public/ws/download/ws-8.21.2.tgz",
      "integrity": "sha1-5pds/pYWHUBCBoml8FE3jRGw8M4=",
      "license": "MIT",
      "engines": {
        "node": ">=10.0.0"
      },
      "peerDependencies": {
        "bufferutil": "^4.0.1",
        "utf-8-validate": ">=5.0.2"
      },
      "peerDependenciesMeta": {
        "bufferutil": {
          "optional": true
        },
        "utf-8-validate": {
          "optional": true
        }
      }
    }
  }
}
